// !$*UTF8*$!
{
	archiveVersion = 1;
	classes = {
	};
	objectVersion = 48;
	objects = {

/* Begin PBXBuildFile section */
		0BF09A0B66492203C050847E /* Pods_HospitalAR.framework in Frameworks */ = {isa = PBXBuildFile; fileRef = 9C18DCAF02677B1C33CC787F /* Pods_HospitalAR.framework */; };
		D05E982820295C4400BE06A5 /* AppDelegate.swift in Sources */ = {isa = PBXBuildFile; fileRef = D05E982720295C4400BE06A5 /* AppDelegate.swift */; };
		D05E982D20295C4400BE06A5 /* Main.storyboard in Resources */ = {isa = PBXBuildFile; fileRef = D05E982B20295C4400BE06A5 /* Main.storyboard */; };
		D05E982F20295C4400BE06A5 /* Assets.xcassets in Resources */ = {isa = PBXBuildFile; fileRef = D05E982E20295C4400BE06A5 /* Assets.xcassets */; };
		D05E983220295C4400BE06A5 /* LaunchScreen.storyboard in Resources */ = {isa = PBXBuildFile; fileRef = D05E983020295C4400BE06A5 /* LaunchScreen.storyboard */; };
		D05E985620295C6F00BE06A5 /* Clue.swift in Sources */ = {isa = PBXBuildFile; fileRef = D05E985520295C6F00BE06A5 /* Clue.swift */; };
		D05E985820295C8000BE06A5 /* CameraController.swift in Sources */ = {isa = PBXBuildFile; fileRef = D05E985720295C8000BE06A5 /* CameraController.swift */; };
		D07B2A53203D068900AEB419 /* ClueController.swift in Sources */ = {isa = PBXBuildFile; fileRef = D07B2A52203D068900AEB419 /* ClueController.swift */; };
/* End PBXBuildFile section */

/* Begin PBXFileReference section */
		3A701C41D1AF7D7D80D86F20 /* Pods-HospitalARUITests.release.xcconfig */ = {isa = PBXFileReference; includeInIndex = 1; lastKnownFileType = text.xcconfig; name = "Pods-HospitalARUITests.release.xcconfig"; path = "Pods/Target Support Files/Pods-HospitalARUITests/Pods-HospitalARUITests.release.xcconfig"; sourceTree = "<group>"; };
		44E67CCDA15BBC0617BBE2B9 /* Pods-HospitalARTests.debug.xcconfig */ = {isa = PBXFileReference; includeInIndex = 1; lastKnownFileType = text.xcconfig; name = "Pods-HospitalARTests.debug.xcconfig"; path = "Pods/Target Support Files/Pods-HospitalARTests/Pods-HospitalARTests.debug.xcconfig"; sourceTree = "<group>"; };
		4BA3F47AFB0E92A0417A232F /* Pods-HospitalARUITests.debug.xcconfig */ = {isa = PBXFileReference; includeInIndex = 1; lastKnownFileType = text.xcconfig; name = "Pods-HospitalARUITests.debug.xcconfig"; path = "Pods/Target Support Files/Pods-HospitalARUITests/Pods-HospitalARUITests.debug.xcconfig"; sourceTree = "<group>"; };
		74D917ADF48567789D3C7923 /* Pods-HospitalARTests.release.xcconfig */ = {isa = PBXFileReference; includeInIndex = 1; lastKnownFileType = text.xcconfig; name = "Pods-HospitalARTests.release.xcconfig"; path = "Pods/Target Support Files/Pods-HospitalARTests/Pods-HospitalARTests.release.xcconfig"; sourceTree = "<group>"; };
		9C18DCAF02677B1C33CC787F /* Pods_HospitalAR.framework */ = {isa = PBXFileReference; explicitFileType = wrapper.framework; includeInIndex = 0; path = Pods_HospitalAR.framework; sourceTree = BUILT_PRODUCTS_DIR; };
		A7643B726742958B73724CF7 /* Pods-HospitalAR.debug.xcconfig */ = {isa = PBXFileReference; includeInIndex = 1; lastKnownFileType = text.xcconfig; name = "Pods-HospitalAR.debug.xcconfig"; path = "Pods/Target Support Files/Pods-HospitalAR/Pods-HospitalAR.debug.xcconfig"; sourceTree = "<group>"; };
		D05E982420295C4400BE06A5 /* HospitalAR.app */ = {isa = PBXFileReference; explicitFileType = wrapper.application; includeInIndex = 0; path = HospitalAR.app; sourceTree = BUILT_PRODUCTS_DIR; };
		D05E982720295C4400BE06A5 /* AppDelegate.swift */ = {isa = PBXFileReference; lastKnownFileType = sourcecode.swift; path = AppDelegate.swift; sourceTree = "<group>"; };
		D05E982C20295C4400BE06A5 /* Base */ = {isa = PBXFileReference; lastKnownFileType = file.storyboard; name = Base; path = Base.lproj/Main.storyboard; sourceTree = "<group>"; };
		D05E982E20295C4400BE06A5 /* Assets.xcassets */ = {isa = PBXFileReference; lastKnownFileType = folder.assetcatalog; path = Assets.xcassets; sourceTree = "<group>"; };
		D05E983120295C4400BE06A5 /* Base */ = {isa = PBXFileReference; lastKnownFileType = file.storyboard; name = Base; path = Base.lproj/LaunchScreen.storyboard; sourceTree = "<group>"; };
		D05E983320295C4400BE06A5 /* Info.plist */ = {isa = PBXFileReference; lastKnownFileType = text.plist.xml; path = Info.plist; sourceTree = "<group>"; };
		D05E985520295C6F00BE06A5 /* Clue.swift */ = {isa = PBXFileReference; fileEncoding = 4; lastKnownFileType = sourcecode.swift; path = Clue.swift; sourceTree = "<group>"; };
		D05E985720295C8000BE06A5 /* CameraController.swift */ = {isa = PBXFileReference; fileEncoding = 4; lastKnownFileType = sourcecode.swift; path = CameraController.swift; sourceTree = "<group>"; };
		D07B2A52203D068900AEB419 /* ClueController.swift */ = {isa = PBXFileReference; lastKnownFileType = sourcecode.swift; path = ClueController.swift; sourceTree = "<group>"; };
		FE35A570798E5D7D3B860A77 /* Pods-HospitalAR.release.xcconfig */ = {isa = PBXFileReference; includeInIndex = 1; lastKnownFileType = text.xcconfig; name = "Pods-HospitalAR.release.xcconfig"; path = "Pods/Target Support Files/Pods-HospitalAR/Pods-HospitalAR.release.xcconfig"; sourceTree = "<group>"; };
/* End PBXFileReference section */

/* Begin PBXFrameworksBuildPhase section */
		D05E982120295C4400BE06A5 /* Frameworks */ = {
			isa = PBXFrameworksBuildPhase;
			buildActionMask = 2147483647;
			files = (
				0BF09A0B66492203C050847E /* Pods_HospitalAR.framework in Frameworks */,
			);
			runOnlyForDeploymentPostprocessing = 0;
		};
/* End PBXFrameworksBuildPhase section */

/* Begin PBXGroup section */
		261B15DE3AA2AC3A7DAC1F52 /* Frameworks */ = {
			isa = PBXGroup;
			children = (
				9C18DCAF02677B1C33CC787F /* Pods_HospitalAR.framework */,
			);
			name = Frameworks;
			sourceTree = "<group>";
		};
		9BD1D4241BE61DC754C9F4A0 /* Pods */ = {
			isa = PBXGroup;
			children = (
				A7643B726742958B73724CF7 /* Pods-HospitalAR.debug.xcconfig */,
				FE35A570798E5D7D3B860A77 /* Pods-HospitalAR.release.xcconfig */,
				44E67CCDA15BBC0617BBE2B9 /* Pods-HospitalARTests.debug.xcconfig */,
				74D917ADF48567789D3C7923 /* Pods-HospitalARTests.release.xcconfig */,
				4BA3F47AFB0E92A0417A232F /* Pods-HospitalARUITests.debug.xcconfig */,
				3A701C41D1AF7D7D80D86F20 /* Pods-HospitalARUITests.release.xcconfig */,
			);
			name = Pods;
			sourceTree = "<group>";
		};
		D05E981B20295C4400BE06A5 = {
			isa = PBXGroup;
			children = (
				D05E982620295C4400BE06A5 /* HospitalAR */,
				D05E982520295C4400BE06A5 /* Products */,
				9BD1D4241BE61DC754C9F4A0 /* Pods */,
				261B15DE3AA2AC3A7DAC1F52 /* Frameworks */,
			);
			sourceTree = "<group>";
		};
		D05E982520295C4400BE06A5 /* Products */ = {
			isa = PBXGroup;
			children = (
				D05E982420295C4400BE06A5 /* HospitalAR.app */,
			);
			name = Products;
			sourceTree = "<group>";
		};
		D05E982620295C4400BE06A5 /* HospitalAR */ = {
			isa = PBXGroup;
			children = (
				D05E982720295C4400BE06A5 /* AppDelegate.swift */,
				D05E982B20295C4400BE06A5 /* Main.storyboard */,
				D05E982E20295C4400BE06A5 /* Assets.xcassets */,
				D05E983020295C4400BE06A5 /* LaunchScreen.storyboard */,
				D05E983320295C4400BE06A5 /* Info.plist */,
				D05E985520295C6F00BE06A5 /* Clue.swift */,
				D05E985720295C8000BE06A5 /* CameraController.swift */,
				D07B2A52203D068900AEB419 /* ClueController.swift */,
			);
			path = HospitalAR;
			sourceTree = "<group>";
		};
/* End PBXGroup section */

/* Begin PBXNativeTarget section */
		D05E982320295C4400BE06A5 /* HospitalAR */ = {
			isa = PBXNativeTarget;
			buildConfigurationList = D05E984C20295C4400BE06A5 /* Build configuration list for PBXNativeTarget "HospitalAR" */;
			buildPhases = (
				1CC6A2CB274524382689DBC2 /* [CP] Check Pods Manifest.lock */,
				D05E982020295C4400BE06A5 /* Sources */,
				D05E982120295C4400BE06A5 /* Frameworks */,
				D05E982220295C4400BE06A5 /* Resources */,
				CA595F6A4F66B76DB9B28F2E /* [CP] Embed Pods Frameworks */,
				E02CD3248D0CC610599BC9BE /* [CP] Copy Pods Resources */,
			);
			buildRules = (
			);
			dependencies = (
			);
			name = HospitalAR;
			productName = HospitalAR;
			productReference = D05E982420295C4400BE06A5 /* HospitalAR.app */;
			productType = "com.apple.product-type.application";
		};
/* End PBXNativeTarget section */

/* Begin PBXProject section */
		D05E981C20295C4400BE06A5 /* Project object */ = {
			isa = PBXProject;
			attributes = {
				LastSwiftUpdateCheck = 0920;
				LastUpgradeCheck = 0920;
				ORGANIZATIONNAME = "Peter Andringa";
				TargetAttributes = {
					D05E982320295C4400BE06A5 = {
						CreatedOnToolsVersion = 9.2;
						ProvisioningStyle = Automatic;
					};
				};
			};
			buildConfigurationList = D05E981F20295C4400BE06A5 /* Build configuration list for PBXProject "HospitalAR" */;
			compatibilityVersion = "Xcode 8.0";
			developmentRegion = en;
			hasScannedForEncodings = 0;
			knownRegions = (
				en,
				Base,
			);
			mainGroup = D05E981B20295C4400BE06A5;
			productRefGroup = D05E982520295C4400BE06A5 /* Products */;
			projectDirPath = "";
			projectRoot = "";
			targets = (
				D05E982320295C4400BE06A5 /* HospitalAR */,
			);
		};
/* End PBXProject section */

/* Begin PBXResourcesBuildPhase section */
		D05E982220295C4400BE06A5 /* Resources */ = {
			isa = PBXResourcesBuildPhase;
			buildActionMask = 2147483647;
			files = (
				D05E983220295C4400BE06A5 /* LaunchScreen.storyboard in Resources */,
				D05E982F20295C4400BE06A5 /* Assets.xcassets in Resources */,
				D05E982D20295C4400BE06A5 /* Main.storyboard in Resources */,
			);
			runOnlyForDeploymentPostprocessing = 0;
		};
/* End PBXResourcesBuildPhase section */

/* Begin PBXShellScriptBuildPhase section */
		1CC6A2CB274524382689DBC2 /* [CP] Check Pods Manifest.lock */ = {
			isa = PBXShellScriptBuildPhase;
			buildActionMask = 2147483647;
			files = (
			);
			inputPaths = (
				"${PODS_PODFILE_DIR_PATH}/Podfile.lock",
				"${PODS_ROOT}/Manifest.lock",
			);
			name = "[CP] Check Pods Manifest.lock";
			outputPaths = (
				"$(DERIVED_FILE_DIR)/Pods-HospitalAR-checkManifestLockResult.txt",
			);
			runOnlyForDeploymentPostprocessing = 0;
			shellPath = /bin/sh;
			shellScript = "diff \"${PODS_PODFILE_DIR_PATH}/Podfile.lock\" \"${PODS_ROOT}/Manifest.lock\" > /dev/null\nif [ $? != 0 ] ; then\n    # print error to STDERR\n    echo \"error: The sandbox is not in sync with the Podfile.lock. Run 'pod install' or update your CocoaPods installation.\" >&2\n    exit 1\nfi\n# This output is used by Xcode 'outputs' to avoid re-running this script phase.\necho \"SUCCESS\" > \"${SCRIPT_OUTPUT_FILE_0}\"\n";
			showEnvVarsInLog = 0;
		};
		CA595F6A4F66B76DB9B28F2E /* [CP] Embed Pods Frameworks */ = {
			isa = PBXShellScriptBuildPhase;
			buildActionMask = 2147483647;
			files = (
			);
			inputPaths = (
				"${SRCROOT}/Pods/Target Support Files/Pods-HospitalAR/Pods-HospitalAR-frameworks.sh",
				"${BUILT_PRODUCTS_DIR}/Realm/Realm.framework",
				"${BUILT_PRODUCTS_DIR}/RealmSwift/RealmSwift.framework",
			);
			name = "[CP] Embed Pods Frameworks";
			outputPaths = (
				"${TARGET_BUILD_DIR}/${FRAMEWORKS_FOLDER_PATH}/Realm.framework",
				"${TARGET_BUILD_DIR}/${FRAMEWORKS_FOLDER_PATH}/RealmSwift.framework",
			);
			runOnlyForDeploymentPostprocessing = 0;
			shellPath = /bin/sh;
			shellScript = "\"${SRCROOT}/Pods/Target Support Files/Pods-HospitalAR/Pods-HospitalAR-frameworks.sh\"\n";
			showEnvVarsInLog = 0;
		};
		E02CD3248D0CC610599BC9BE /* [CP] Copy Pods Resources */ = {
			isa = PBXShellScriptBuildPhase;
			buildActionMask = 2147483647;
			files = (
			);
			inputPaths = (
			);
			name = "[CP] Copy Pods Resources";
			outputPaths = (
			);
			runOnlyForDeploymentPostprocessing = 0;
			shellPath = /bin/sh;
			shellScript = "\"${SRCROOT}/Pods/Target Support Files/Pods-HospitalAR/Pods-HospitalAR-resources.sh\"\n";
			showEnvVarsInLog = 0;
		};
/* End PBXShellScriptBuildPhase section */

/* Begin PBXSourcesBuildPhase section */
		D05E982020295C4400BE06A5 /* Sources */ = {
			isa = PBXSourcesBuildPhase;
			buildActionMask = 2147483647;
			files = (
				D07B2A53203D068900AEB419 /* ClueController.swift in Sources */,
				D05E985820295C8000BE06A5 /* CameraController.swift in Sources */,
				D05E985620295C6F00BE06A5 /* Clue.swift in Sources */,
				D05E982820295C4400BE06A5 /* AppDelegate.swift in Sources */,
			);
			runOnlyForDeploymentPostprocessing = 0;
		};
/* End PBXSourcesBuildPhase section */

/* Begin PBXVariantGroup section */
		D05E982B20295C4400BE06A5 /* Main.storyboard */ = {
			isa = PBXVariantGroup;
			children = (
				D05E982C20295C4400BE06A5 /* Base */,
			);
			name = Main.storyboard;
			sourceTree = "<group>";
		};
		D05E983020295C4400BE06A5 /* LaunchScreen.storyboard */ = {
			isa = PBXVariantGroup;
			children = (
				D05E983120295C4400BE06A5 /* Base */,
			);
			name = LaunchScreen.storyboard;
			sourceTree = "<group>";
		};
/* End PBXVariantGroup section */

/* Begin XCBuildConfiguration section */
		D05E984A20295C4400BE06A5 /* Debug */ = {
			isa = XCBuildConfiguration;
			buildSettings = {
				ALWAYS_EMBED_SWIFT_STANDARD_LIBRARIES = YES;
				ALWAYS_SEARCH_USER_PATHS = NO;
				CLANG_ANALYZER_NONNULL = YES;
				CLANG_ANALYZER_NUMBER_OBJECT_CONVERSION = YES_AGGRESSIVE;
				CLANG_CXX_LANGUAGE_STANDARD = "gnu++14";
				CLANG_CXX_LIBRARY = "libc++";
				CLANG_ENABLE_MODULES = YES;
				CLANG_ENABLE_OBJC_ARC = YES;
				CLANG_WARN_BLOCK_CAPTURE_AUTORELEASING = YES;
				CLANG_WARN_BOOL_CONVERSION = YES;
				CLANG_WARN_COMMA = YES;
				CLANG_WARN_CONSTANT_CONVERSION = YES;
				CLANG_WARN_DIRECT_OBJC_ISA_USAGE = YES_ERROR;
				CLANG_WARN_DOCUMENTATION_COMMENTS = YES;
				CLANG_WARN_EMPTY_BODY = YES;
				CLANG_WARN_ENUM_CONVERSION = YES;
				CLANG_WARN_INFINITE_RECURSION = YES;
				CLANG_WARN_INT_CONVERSION = YES;
				CLANG_WARN_NON_LITERAL_NULL_CONVERSION = YES;
				CLANG_WARN_OBJC_LITERAL_CONVERSION = YES;
				CLANG_WARN_OBJC_ROOT_CLASS = YES_ERROR;
				CLANG_WARN_RANGE_LOOP_ANALYSIS = YES;
				CLANG_WARN_STRICT_PROTOTYPES = YES;
				CLANG_WARN_SUSPICIOUS_MOVE = YES;
				CLANG_WARN_UNGUARDED_AVAILABILITY = YES_AGGRESSIVE;
				CLANG_WARN_UNREACHABLE_CODE = YES;
				CLANG_WARN__DUPLICATE_METHOD_MATCH = YES;
				CODE_SIGN_IDENTITY = "iPhone Developer";
				COPY_PHASE_STRIP = NO;
				DEBUG_INFORMATION_FORMAT = dwarf;
				ENABLE_STRICT_OBJC_MSGSEND = YES;
				ENABLE_TESTABILITY = YES;
				GCC_C_LANGUAGE_STANDARD = gnu11;
				GCC_DYNAMIC_NO_PIC = NO;
				GCC_NO_COMMON_BLOCKS = YES;
				GCC_OPTIMIZATION_LEVEL = 0;
				GCC_PREPROCESSOR_DEFINITIONS = (
					"DEBUG=1",
					"$(inherited)",
				);
				GCC_WARN_64_TO_32_BIT_CONVERSION = YES;
				GCC_WARN_ABOUT_RETURN_TYPE = YES_ERROR;
				GCC_WARN_UNDECLARED_SELECTOR = YES;
				GCC_WARN_UNINITIALIZED_AUTOS = YES_AGGRESSIVE;
				GCC_WARN_UNUSED_FUNCTION = YES;
				GCC_WARN_UNUSED_VARIABLE = YES;
				IPHONEOS_DEPLOYMENT_TARGET = 11.2;
				MTL_ENABLE_DEBUG_INFO = YES;
				ONLY_ACTIVE_ARCH = YES;
				SDKROOT = iphoneos;
				SWIFT_ACTIVE_COMPILATION_CONDITIONS = DEBUG;
				SWIFT_OPTIMIZATION_LEVEL = "-Onone";
			};
			name = Debug;
		};
		D05E984B20295C4400BE06A5 /* Release */ = {
			isa = XCBuildConfiguration;
			buildSettings = {
				ALWAYS_EMBED_SWIFT_STANDARD_LIBRARIES = YES;
				ALWAYS_SEARCH_USER_PATHS = NO;
				CLANG_ANALYZER_NONNULL = YES;
				CLANG_ANALYZER_NUMBER_OBJECT_CONVERSION = YES_AGGRESSIVE;
				CLANG_CXX_LANGUAGE_STANDARD = "gnu++14";
				CLANG_CXX_LIBRARY = "libc++";
				CLANG_ENABLE_MODULES = YES;
				CLANG_ENABLE_OBJC_ARC = YES;
				CLANG_WARN_BLOCK_CAPTURE_AUTORELEASING = YES;
				CLANG_WARN_BOOL_CONVERSION = YES;
				CLANG_WARN_COMMA = YES;
				CLANG_WARN_CONSTANT_CONVERSION = YES;
				CLANG_WARN_DIRECT_OBJC_ISA_USAGE = YES_ERROR;
				CLANG_WARN_DOCUMENTATION_COMMENTS = YES;
				CLANG_WARN_EMPTY_BODY = YES;
				CLANG_WARN_ENUM_CONVERSION = YES;
				CLANG_WARN_INFINITE_RECURSION = YES;
				CLANG_WARN_INT_CONVERSION = YES;
				CLANG_WARN_NON_LITERAL_NULL_CONVERSION = YES;
				CLANG_WARN_OBJC_LITERAL_CONVERSION = YES;
				CLANG_WARN_OBJC_ROOT_CLASS = YES_ERROR;
				CLANG_WARN_RANGE_LOOP_ANALYSIS = YES;
				CLANG_WARN_STRICT_PROTOTYPES = YES;
				CLANG_WARN_SUSPICIOUS_MOVE = YES;
				CLANG_WARN_UNGUARDED_AVAILABILITY = YES_AGGRESSIVE;
				CLANG_WARN_UNREACHABLE_CODE = YES;
				CLANG_WARN__DUPLICATE_METHOD_MATCH = YES;
				CODE_SIGN_IDENTITY = "iPhone Developer";
				COPY_PHASE_STRIP = NO;
				DEBUG_INFORMATION_FORMAT = "dwarf-with-dsym";
				ENABLE_NS_ASSERTIONS = NO;
				ENABLE_STRICT_OBJC_MSGSEND = YES;
				GCC_C_LANGUAGE_STANDARD = gnu11;
				GCC_NO_COMMON_BLOCKS = YES;
				GCC_WARN_64_TO_32_BIT_CONVERSION = YES;
				GCC_WARN_ABOUT_RETURN_TYPE = YES_ERROR;
				GCC_WARN_UNDECLARED_SELECTOR = YES;
				GCC_WARN_UNINITIALIZED_AUTOS = YES_AGGRESSIVE;
				GCC_WARN_UNUSED_FUNCTION = YES;
				GCC_WARN_UNUSED_VARIABLE = YES;
				IPHONEOS_DEPLOYMENT_TARGET = 11.2;
				MTL_ENABLE_DEBUG_INFO = NO;
				SDKROOT = iphoneos;
				SWIFT_OPTIMIZATION_LEVEL = "-Owholemodule";
				VALIDATE_PRODUCT = YES;
			};
			name = Release;
		};
		D05E984D20295C4400BE06A5 /* Debug */ = {
			isa = XCBuildConfiguration;
			baseConfigurationReference = A7643B726742958B73724CF7 /* Pods-HospitalAR.debug.xcconfig */;
			buildSettings = {
				ASSETCATALOG_COMPILER_APPICON_NAME = AppIcon;
				CODE_SIGN_STYLE = Automatic;
				DEVELOPMENT_TEAM = MAGH59QJGS;
				INFOPLIST_FILE = HospitalAR/Info.plist;
				LD_RUNPATH_SEARCH_PATHS = "$(inherited) @executable_path/Frameworks";
				PRODUCT_BUNDLE_IDENTIFIER = com.peterandringa.HospitalAR;
				PRODUCT_NAME = "$(TARGET_NAME)";
				SWIFT_VERSION = 4.0;
				TARGETED_DEVICE_FAMILY = "1,2";
			};
			name = Debug;
		};
		D05E984E20295C4400BE06A5 /* Release */ = {
			isa = XCBuildConfiguration;
			baseConfigurationReference = FE35A570798E5D7D3B860A77 /* Pods-HospitalAR.release.xcconfig */;
			buildSettings = {
				ASSETCATALOG_COMPILER_APPICON_NAME = AppIcon;
				CODE_SIGN_STYLE = Automatic;
				DEVELOPMENT_TEAM = MAGH59QJGS;
				INFOPLIST_FILE = HospitalAR/Info.plist;
				LD_RUNPATH_SEARCH_PATHS = "$(inherited) @executable_path/Frameworks";
				PRODUCT_BUNDLE_IDENTIFIER = com.peterandringa.HospitalAR;
				PRODUCT_NAME = "$(TARGET_NAME)";
				SWIFT_VERSION = 4.0;
				TARGETED_DEVICE_FAMILY = "1,2";
			};
			name = Release;
		};
/* End XCBuildConfiguration section */

/* Begin XCConfigurationList section */
		D05E981F20295C4400BE06A5 /* Build configuration list for PBXProject "HospitalAR" */ = {
			isa = XCConfigurationList;
			buildConfigurations = (
				D05E984A20295C4400BE06A5 /* Debug */,
				D05E984B20295C4400BE06A5 /* Release */,
			);
			defaultConfigurationIsVisible = 0;
			defaultConfigurationName = Release;
		};
		D05E984C20295C4400BE06A5 /* Build configuration list for PBXNativeTarget "HospitalAR" */ = {
			isa = XCConfigurationList;
			buildConfigurations = (
				D05E984D20295C4400BE06A5 /* Debug */,
				D05E984E20295C4400BE06A5 /* Release */,
			);
			defaultConfigurationIsVisible = 0;
			defaultConfigurationName = Release;
		};
/* End XCConfigurationList section */
	};
	rootObject = D05E981C20295C4400BE06A5 /* Project object */;
}
